{
  "version": 4,
  "terraform_version": "1.0.9",
  "serial": 105,
  "lineage": "0a1ec5cf-7ddc-226a-9b6a-5a9a9cf4a446",
  "outputs": {
    "kubernetes_cluster_host": {
      "value": "35.224.192.94",
      "type": "string"
    },
    "kubernetes_cluster_name": {
      "value": "cloud-native-integrations-team-gke",
      "type": "string"
    },
    "project_id": {
      "value": "elastic-observability",
      "type": "string"
    },
    "region": {
      "value": "us-central1",
      "type": "string"
    }
  },
  "resources": [
    {
      "mode": "data",
      "type": "google_client_config",
      "name": "default",
      "provider": "provider[\"registry.terraform.io/hashicorp/google\"]",
      "instances": [
        {
          "schema_version": 0,
          "attributes": {
            "access_token": "ya29.A0ARrdaM80kZOJ2YBgOyfiQ8-xEACOv22uCWYJ3gziYlQm8sgfPaB3dYVNT2Dc_R1rEH6u7uJ4sZJy8xCOzfBjTzypgQgNrMplpFoOA3Ox5yCfJ2XMeqlSDP88pBy0THZyqTSXz_vf56wp3XJuIT1xStA-ZSH5NJQ",
            "id": "projects/elastic-observability/regions/us-central1/zones/",
            "project": "elastic-observability",
            "region": "us-central1",
            "zone": ""
          },
          "sensitive_attributes": []
        }
      ]
    },
    {
      "mode": "managed",
      "type": "google_compute_network",
      "name": "vpc",
      "provider": "provider[\"registry.terraform.io/hashicorp/google\"]",
      "instances": [
        {
          "schema_version": 0,
          "attributes": {
            "auto_create_subnetworks": false,
            "delete_default_routes_on_create": false,
            "description": "",
            "gateway_ipv4": "",
            "id": "projects/elastic-observability/global/networks/cloud-native-integrations-team-vpc",
            "mtu": 0,
            "name": "cloud-native-integrations-team-vpc",
            "project": "elastic-observability",
            "routing_mode": "REGIONAL",
            "self_link": "https://www.googleapis.com/compute/v1/projects/elastic-observability/global/networks/cloud-native-integrations-team-vpc",
            "timeouts": null
          },
          "sensitive_attributes": [],
          "private": "eyJlMmJmYjczMC1lY2FhLTExZTYtOGY4OC0zNDM2M2JjN2M0YzAiOnsiY3JlYXRlIjoyNDAwMDAwMDAwMDAsImRlbGV0ZSI6MjQwMDAwMDAwMDAwLCJ1cGRhdGUiOjI0MDAwMDAwMDAwMH19"
        }
      ]
    },
    {
      "mode": "managed",
      "type": "google_compute_subnetwork",
      "name": "subnet",
      "provider": "provider[\"registry.terraform.io/hashicorp/google\"]",
      "instances": [
        {
          "schema_version": 0,
          "attributes": {
            "creation_timestamp": "2022-02-22T05:23:21.765-08:00",
            "description": "",
            "fingerprint": null,
            "gateway_address": "10.10.0.1",
            "id": "projects/elastic-observability/regions/us-central1/subnetworks/cloud-native-integrations-team-subnet",
            "ip_cidr_range": "10.10.0.0/24",
            "log_config": [],
            "name": "cloud-native-integrations-team-subnet",
            "network": "https://www.googleapis.com/compute/v1/projects/elastic-observability/global/networks/cloud-native-integrations-team-vpc",
            "private_ip_google_access": false,
            "private_ipv6_google_access": "DISABLE_GOOGLE_ACCESS",
            "project": "elastic-observability",
            "region": "us-central1",
            "secondary_ip_range": [
              {
                "ip_cidr_range": "10.64.0.0/20",
                "range_name": "gke-cloud-native-integrations-team-gke-services-2f160b2b"
              },
              {
                "ip_cidr_range": "10.60.0.0/14",
                "range_name": "gke-cloud-native-integrations-team-gke-pods-2f160b2b"
              }
            ],
            "self_link": "https://www.googleapis.com/compute/v1/projects/elastic-observability/regions/us-central1/subnetworks/cloud-native-integrations-team-subnet",
            "timeouts": null
          },
          "sensitive_attributes": [],
          "private": "eyJlMmJmYjczMC1lY2FhLTExZTYtOGY4OC0zNDM2M2JjN2M0YzAiOnsiY3JlYXRlIjozNjAwMDAwMDAwMDAsImRlbGV0ZSI6MzYwMDAwMDAwMDAwLCJ1cGRhdGUiOjM2MDAwMDAwMDAwMH19",
          "dependencies": [
            "google_compute_network.vpc"
          ]
        }
      ]
    },
    {
      "mode": "managed",
      "type": "google_container_cluster",
      "name": "primary",
      "provider": "provider[\"registry.terraform.io/hashicorp/google\"]",
      "instances": [
        {
          "schema_version": 1,
          "attributes": {
            "addons_config": [
              {
                "cloudrun_config": [],
                "horizontal_pod_autoscaling": [],
                "http_load_balancing": [],
                "network_policy_config": [
                  {
                    "disabled": true
                  }
                ]
              }
            ],
            "authenticator_groups_config": [],
            "cluster_autoscaling": [
              {
                "auto_provisioning_defaults": [],
                "enabled": false,
                "resource_limits": []
              }
            ],
            "cluster_ipv4_cidr": "10.60.0.0/14",
            "database_encryption": [
              {
                "key_name": "",
                "state": "DECRYPTED"
              }
            ],
            "default_max_pods_per_node": 110,
            "description": "",
            "enable_binary_authorization": false,
            "enable_intranode_visibility": null,
            "enable_kubernetes_alpha": false,
            "enable_legacy_abac": false,
            "enable_shielded_nodes": false,
            "enable_tpu": null,
            "endpoint": "35.224.192.94",
            "id": "projects/elastic-observability/locations/us-central1-c/clusters/cloud-native-integrations-team-gke",
            "initial_node_count": 1,
            "instance_group_urls": [
              "https://www.googleapis.com/compute/v1/projects/elastic-observability/zones/us-central1-c/instanceGroups/gke-cloud-native-int-cloud-native-int-abd75638-grp"
            ],
            "ip_allocation_policy": [
              {
                "cluster_ipv4_cidr_block": "10.60.0.0/14",
                "cluster_secondary_range_name": "gke-cloud-native-integrations-team-gke-pods-2f160b2b",
                "services_ipv4_cidr_block": "10.64.0.0/20",
                "services_secondary_range_name": "gke-cloud-native-integrations-team-gke-services-2f160b2b"
              }
            ],
            "label_fingerprint": "a9dc16a7",
            "location": "us-central1-c",
            "logging_service": "logging.googleapis.com/kubernetes",
            "maintenance_policy": [],
            "master_auth": [
              {
                "client_certificate": "",
                "client_certificate_config": [
                  {
                    "issue_client_certificate": false
                  }
                ],
                "client_key": "",
                "cluster_ca_certificate": "LS0tLS1CRUdJTiBDRVJUSUZJQ0FURS0tLS0tCk1JSUVMRENDQXBTZ0F3SUJBZ0lRSjYvT2NLVVJRM1daRjJLU2VBYm03REFOQmdrcWhraUc5dzBCQVFzRkFEQXYKTVMwd0t3WURWUVFERXlRNVlUQmxaVEUzWVMwM1lUQXpMVFEzTWpFdE9XWTJOeTFpTWpSaE5UQXdNalF4TmpjdwpJQmNOTWpJd016QXhNVEV5TURJMFdoZ1BNakExTWpBeU1qSXhNakl3TWpSYU1DOHhMVEFyQmdOVkJBTVRKRGxoCk1HVmxNVGRoTFRkaE1ETXRORGN5TVMwNVpqWTNMV0l5TkdFMU1EQXlOREUyTnpDQ0FhSXdEUVlKS29aSWh2Y04KQVFFQkJRQURnZ0dQQURDQ0FZb0NnZ0dCQUxxbDFOTkxoTlF3VitkVzRLVllUazF0aXZkZHdvb0VrTmpZbWt6eQpqaUc5eWR2VzdscmJJeXVRRVpJMHpFYmdFUXEzYWx0dElPYUVwR2R3aGxhczdrRzJuYkRBeE11Q0Nta2xyTXp2ClFSTG5HRm81Y3RiclYxbGt5ellWenFSTStDbGhzMGNhMEQzNkpZdS9EZUI0WWorTHE1SmhyVitaWFBpTGRiMnEKeng1VkF2VzdZMDcxT29JNkpvbEZTakFmdE1rSjdHZEovdGZ4QStkK3hSZ2ZjbHYvV1o5SURKeHMyb08xS2JwLwpaWUpOTGkzcDYwYktWUGQ0eFlBMW9DUWplUmFRM2d1MkhSdWliK2czakQ5d3dWWXJVaGJ2UWpVZTY4TzY3UkZxCnN5UlFhM2RpYjFzZ3JwRVhIQmRCNHpzVzVha1lvNFZCQ1dvbW01N0EydTYzemUvS0pYS1JuS1NWYjFRU0h6VWwKeTVUbENCdURyVHNrMjAxb3hrOWNJejR6T3pXdTRZZVEyTTZRMm9NOHdpUG9hRVNzRnJxYnpoelRwNmNOdmpiUwpGOWJHaTFLdTJoYWtjcUFYbktmbi9yTFhMNzF6V2RZNzZTd1loVmJxcDF2YUhXWVpkeGhQKzY4aC8ramxxdmlUCmtuckxtYzVvWE1PMUV2TWtFb0xEZ2FEaTJ3SURBUUFCbzBJd1FEQU9CZ05WSFE4QkFmOEVCQU1DQWdRd0R3WUQKVlIwVEFRSC9CQVV3QXdFQi96QWRCZ05WSFE0RUZnUVVFNDNDdlcyWHg1Q2c5dWt5OSt6cXlCdkREWFV3RFFZSgpLb1pJaHZjTkFRRUxCUUFEZ2dHQkFHamVYejF6eUZHSE0zRzhBNlE5dWcwWm92c1ZuUENmNDVHYm1Qb2JPb3ZEClFpZTU5R0dmZ1pvSmZZRThmYWpwT3U5QTJTSGFuV2NEZXR6aVhaUzE5amh0dURJSlRiRUZrYUdzRFVlZFN5QXYKZG1PeU1MdmswV1RCeXljUXNDbzFkVzZCNkpKdUVDVW9BQWV5UDlCTUFpdkI5Mkcxd1NCYkFaOURyTTZDR1NJVQprdlc3d1phUGNnekdoMk91QWJyUnpSbmoweXZvdHVvZmZNTzRWN2FOaGt6M0JNbk5ZbkF4NmVuQkU0VzgxSGxsCmJKT1Znd1Q5azhDdEgrSWtlUlRSNG1Nc01FRFM1Q1RHcHMwamordkZoYVFib2RldHlCTGZ4Q1FhYWVWOHljYUIKeC8rSHY3WGFpYmVxSFU3SFc4NnZWR010cFJmTUk2TTdlb0N2MVI4anZvWVF5dUFUaXFhYkpEd2F1VXVIajRQMApsVGwzZUp2bURlRjhuaU1pUkkvRlB1ckllalpxbDBiaE1WYjZhMDVldmZmM2F4bi93VDllNldSQzFpVlRNM2dHCml5NWl3U3lzRDBkbHJ3ck15UmlBbFhpVlJNMUhLNG5XbnJOOXFvQWh4NjMxV2ZraUU0aTdpT21uaUhVYUJvZ0IKb1I5aUNsWUVuc0w4M3p5UzNKbUN3QT09Ci0tLS0tRU5EIENFUlRJRklDQVRFLS0tLS0K",
                "password": "",
                "username": ""
              }
            ],
            "master_authorized_networks_config": [],
            "master_version": "1.21.9-gke.1002",
            "min_master_version": null,
            "monitoring_service": "monitoring.googleapis.com/kubernetes",
            "name": "cloud-native-integrations-team-gke",
            "network": "projects/elastic-observability/global/networks/cloud-native-integrations-team-vpc",
            "network_policy": [
              {
                "enabled": false,
                "provider": "PROVIDER_UNSPECIFIED"
              }
            ],
            "node_config": [
              {
                "disk_size_gb": 100,
                "disk_type": "pd-standard",
                "guest_accelerator": [],
                "image_type": "COS_CONTAINERD",
                "labels": {
                  "env": "cloud-native-integrations-team"
                },
                "local_ssd_count": 0,
                "machine_type": "e2-highcpu-4",
                "metadata": {
                  "disable-legacy-endpoints": "true"
                },
                "min_cpu_platform": "",
                "oauth_scopes": [
                  "https://www.googleapis.com/auth/logging.write",
                  "https://www.googleapis.com/auth/monitoring"
                ],
                "preemptible": false,
                "service_account": "default",
                "shielded_instance_config": [
                  {
                    "enable_integrity_monitoring": true,
                    "enable_secure_boot": false
                  }
                ],
                "tags": [
                  "gke-node",
                  "cloud-native-integrations-team-gke"
                ],
                "taint": [],
                "workload_metadata_config": []
              }
            ],
            "node_locations": [],
            "node_pool": [
              {
                "autoscaling": [
                  {
                    "max_node_count": 10,
                    "min_node_count": 2
                  }
                ],
                "initial_node_count": 2,
                "instance_group_urls": [
                  "https://www.googleapis.com/compute/v1/projects/elastic-observability/zones/us-central1-c/instanceGroupManagers/gke-cloud-native-int-cloud-native-int-abd75638-grp"
                ],
                "management": [
                  {
                    "auto_repair": true,
                    "auto_upgrade": true
                  }
                ],
                "max_pods_per_node": 110,
                "name": "cloud-native-integrations-team-gke-nl",
                "name_prefix": "",
                "node_config": [
                  {
                    "disk_size_gb": 100,
                    "disk_type": "pd-standard",
                    "guest_accelerator": [],
                    "image_type": "COS_CONTAINERD",
                    "labels": {
                      "env": "cloud-native-integrations-team"
                    },
                    "local_ssd_count": 0,
                    "machine_type": "e2-highcpu-4",
                    "metadata": {
                      "disable-legacy-endpoints": "true"
                    },
                    "min_cpu_platform": "",
                    "oauth_scopes": [
                      "https://www.googleapis.com/auth/logging.write",
                      "https://www.googleapis.com/auth/monitoring"
                    ],
                    "preemptible": false,
                    "service_account": "default",
                    "shielded_instance_config": [
                      {
                        "enable_integrity_monitoring": true,
                        "enable_secure_boot": false
                      }
                    ],
                    "tags": [
                      "gke-node",
                      "cloud-native-integrations-team-gke"
                    ],
                    "taint": [],
                    "workload_metadata_config": []
                  }
                ],
                "node_count": 10,
                "node_locations": [
                  "us-central1-c"
                ],
                "upgrade_settings": [
                  {
                    "max_surge": 1,
                    "max_unavailable": 0
                  }
                ],
                "version": "1.21.9-gke.1002"
              }
            ],
            "node_version": "1.21.9-gke.1002",
            "operation": null,
            "pod_security_policy_config": [],
            "private_cluster_config": [],
            "project": "elastic-observability",
            "release_channel": [
              {
                "channel": "REGULAR"
              }
            ],
            "remove_default_node_pool": true,
            "resource_labels": {},
            "resource_usage_export_config": [],
            "self_link": "https://container.googleapis.com/v1beta1/projects/elastic-observability/zones/us-central1-c/clusters/cloud-native-integrations-team-gke",
            "services_ipv4_cidr": "10.64.0.0/20",
            "subnetwork": "projects/elastic-observability/regions/us-central1/subnetworks/cloud-native-integrations-team-subnet",
            "timeouts": null,
            "vertical_pod_autoscaling": [],
            "workload_identity_config": []
          },
          "sensitive_attributes": [],
          "private": "eyJlMmJmYjczMC1lY2FhLTExZTYtOGY4OC0zNDM2M2JjN2M0YzAiOnsiY3JlYXRlIjoyNDAwMDAwMDAwMDAwLCJkZWxldGUiOjI0MDAwMDAwMDAwMDAsInJlYWQiOjI0MDAwMDAwMDAwMDAsInVwZGF0ZSI6MzYwMDAwMDAwMDAwMH0sInNjaGVtYV92ZXJzaW9uIjoiMSJ9",
          "dependencies": [
            "google_compute_subnetwork.subnet",
            "google_compute_network.vpc"
          ]
        }
      ]
    },
    {
      "mode": "managed",
      "type": "google_container_node_pool",
      "name": "primary_nodes",
      "provider": "provider[\"registry.terraform.io/hashicorp/google\"]",
      "instances": [
        {
          "schema_version": 1,
          "attributes": {
            "autoscaling": [
              {
                "max_node_count": 10,
                "min_node_count": 2
              }
            ],
            "cluster": "cloud-native-integrations-team-gke",
            "id": "projects/elastic-observability/locations/us-central1-c/clusters/cloud-native-integrations-team-gke/nodePools/cloud-native-integrations-team-gke-nl",
            "initial_node_count": 2,
            "instance_group_urls": [
              "https://www.googleapis.com/compute/v1/projects/elastic-observability/zones/us-central1-c/instanceGroupManagers/gke-cloud-native-int-cloud-native-int-abd75638-grp"
            ],
            "location": "us-central1-c",
            "management": [
              {
                "auto_repair": true,
                "auto_upgrade": true
              }
            ],
            "max_pods_per_node": 110,
            "name": "cloud-native-integrations-team-gke-nl",
            "name_prefix": "",
            "node_config": [
              {
                "disk_size_gb": 100,
                "disk_type": "pd-standard",
                "guest_accelerator": [],
                "image_type": "COS_CONTAINERD",
                "labels": {
                  "env": "cloud-native-integrations-team"
                },
                "local_ssd_count": 0,
                "machine_type": "e2-highcpu-4",
                "metadata": {
                  "disable-legacy-endpoints": "true"
                },
                "min_cpu_platform": "",
                "oauth_scopes": [
                  "https://www.googleapis.com/auth/logging.write",
                  "https://www.googleapis.com/auth/monitoring"
                ],
                "preemptible": false,
                "service_account": "default",
                "shielded_instance_config": [
                  {
                    "enable_integrity_monitoring": true,
                    "enable_secure_boot": false
                  }
                ],
                "tags": [
                  "gke-node",
                  "cloud-native-integrations-team-gke"
                ],
                "taint": [],
                "workload_metadata_config": []
              }
            ],
            "node_count": 2,
            "node_locations": [
              "us-central1-c"
            ],
            "project": "elastic-observability",
            "timeouts": null,
            "upgrade_settings": [
              {
                "max_surge": 1,
                "max_unavailable": 0
              }
            ],
            "version": "1.21.6-gke.1503"
          },
          "sensitive_attributes": [],
          "private": "eyJlMmJmYjczMC1lY2FhLTExZTYtOGY4OC0zNDM2M2JjN2M0YzAiOnsiY3JlYXRlIjoxODAwMDAwMDAwMDAwLCJkZWxldGUiOjE4MDAwMDAwMDAwMDAsInVwZGF0ZSI6MTgwMDAwMDAwMDAwMH0sInNjaGVtYV92ZXJzaW9uIjoiMSJ9",
          "dependencies": [
            "google_container_cluster.primary"
          ]
        }
      ]
    },
    {
      "mode": "managed",
      "type": "helm_release",
      "name": "filebeat",
      "provider": "provider[\"registry.terraform.io/hashicorp/helm\"]",
      "instances": [
        {
          "schema_version": 0,
          "attributes": {
            "atomic": false,
            "chart": "filebeat",
            "cleanup_on_fail": false,
            "create_namespace": true,
            "dependency_update": false,
            "description": null,
            "devel": null,
            "disable_crd_hooks": false,
            "disable_openapi_validation": false,
            "disable_webhooks": false,
            "force_update": false,
            "id": "filebeat",
            "keyring": null,
            "lint": false,
            "manifest": null,
            "max_history": 3,
            "metadata": [
              {
                "app_version": "8.0.0-SNAPSHOT",
                "chart": "filebeat",
                "name": "filebeat",
                "namespace": "default",
                "revision": 1,
                "values": "null",
                "version": "8.0.0-SNAPSHOT"
              }
            ],
            "name": "filebeat",
            "namespace": "default",
            "postrender": [],
            "recreate_pods": false,
            "render_subchart_notes": true,
            "replace": false,
            "repository": "./charts",
            "repository_ca_file": null,
            "repository_cert_file": null,
            "repository_key_file": null,
            "repository_password": null,
            "repository_username": null,
            "reset_values": true,
            "reuse_values": false,
            "set": [],
            "set_sensitive": [],
            "skip_crds": false,
            "status": "deployed",
            "timeout": 300,
            "values": null,
            "verify": false,
            "version": "8.0.0-SNAPSHOT",
            "wait": true,
            "wait_for_jobs": false
          },
          "sensitive_attributes": [],
          "private": "bnVsbA==",
          "dependencies": [
            "data.google_client_config.default",
            "google_compute_network.vpc",
            "google_compute_subnetwork.subnet",
            "google_container_cluster.primary"
          ]
        }
      ]
    },
    {
      "mode": "managed",
      "type": "helm_release",
      "name": "metricbeat",
      "provider": "provider[\"registry.terraform.io/hashicorp/helm\"]",
      "instances": [
        {
          "status": "tainted",
          "schema_version": 0,
          "attributes": {
            "atomic": false,
            "chart": "metricbeat",
            "cleanup_on_fail": false,
            "create_namespace": true,
            "dependency_update": false,
            "description": null,
            "devel": null,
            "disable_crd_hooks": false,
            "disable_openapi_validation": false,
            "disable_webhooks": false,
            "force_update": false,
            "id": "metricbeat",
            "keyring": null,
            "lint": false,
            "manifest": null,
            "max_history": 3,
            "metadata": [
              {
                "app_version": "8.0.0-SNAPSHOT",
                "chart": "metricbeat",
                "name": "metricbeat",
                "namespace": "default",
                "revision": 1,
                "values": "{}",
                "version": "8.0.0-SNAPSHOT"
              }
            ],
            "name": "metricbeat",
            "namespace": "default",
            "postrender": [],
            "recreate_pods": false,
            "render_subchart_notes": true,
            "replace": false,
            "repository": "./charts",
            "repository_ca_file": null,
            "repository_cert_file": null,
            "repository_key_file": null,
            "repository_password": null,
            "repository_username": null,
            "reset_values": true,
            "reuse_values": false,
            "set": [],
            "set_sensitive": [],
            "skip_crds": false,
            "status": "failed",
            "timeout": 300,
            "values": null,
            "verify": false,
            "version": "8.0.0-SNAPSHOT",
            "wait": true,
            "wait_for_jobs": false
          },
          "sensitive_attributes": [],
          "private": "bnVsbA==",
          "dependencies": [
            "data.google_client_config.default",
            "google_container_cluster.primary"
          ]
        }
      ]
    },
    {
      "mode": "managed",
      "type": "kubernetes_secret",
      "name": "elasticsearch-master-credentials",
      "provider": "provider[\"registry.terraform.io/hashicorp/kubernetes\"]",
      "instances": [
        {
          "schema_version": 0,
          "attributes": {
            "binary_data": null,
            "data": {
              "password": "YfRCxmFgDxUeCiRUAkIm9Ex4",
              "username": "elastic"
            },
            "id": "default/elasticsearch-credentials",
            "immutable": false,
            "metadata": [
              {
                "annotations": {},
                "generate_name": "",
                "generation": 0,
                "labels": {},
                "name": "elasticsearch-credentials",
                "namespace": "default",
                "resource_version": "629613",
                "uid": "a822c026-813e-43de-9780-7811a3dbc19a"
              }
            ],
            "type": "Opaque"
          },
          "sensitive_attributes": [],
          "private": "bnVsbA==",
          "dependencies": [
            "data.google_client_config.default",
            "google_compute_network.vpc",
            "google_compute_subnetwork.subnet",
            "google_container_cluster.primary"
          ]
        }
      ]
    },
    {
      "mode": "managed",
      "type": "kubernetes_secret",
      "name": "elasticsearch-master-url",
      "provider": "provider[\"registry.terraform.io/hashicorp/kubernetes\"]",
      "instances": [
        {
          "schema_version": 0,
          "attributes": {
            "binary_data": null,
            "data": {
              "host": "https://large-k8s.es.us-east1.gcp.elastic-cloud.com:9243"
            },
            "id": "default/elasticsearch-host",
            "immutable": false,
            "metadata": [
              {
                "annotations": {},
                "generate_name": "",
                "generation": 0,
                "labels": {},
                "name": "elasticsearch-host",
                "namespace": "default",
                "resource_version": "645616",
                "uid": "2d1b8f18-5629-4604-8d7f-4802f9b4d322"
              }
            ],
            "type": "Opaque"
          },
          "sensitive_attributes": [],
          "private": "bnVsbA==",
          "dependencies": [
            "google_compute_subnetwork.subnet",
            "google_container_cluster.primary",
            "data.google_client_config.default",
            "google_compute_network.vpc"
          ]
        }
      ]
    }
  ]
}
